
Microsoft Visual Studio Solution File, Format Version 12.00
# Visual Studio 2013
VisualStudioVersion = 12.0.31101.0
MinimumVisualStudioVersion = 10.0.40219.1
Project("{FAE04EC0-301F-11D3-BF4B-00C04F79EFBC}") = "04. HelloCSharp", "04. HelloCSharp\04. HelloCSharp.csproj", "{9A7B8C83-52A2-44A8-8410-D86C8E0FCFF7}"
EndProject
Project("{FAE04EC0-301F-11D3-BF4B-00C04F79EFBC}") = "05. PrintMyName", "05. PrintMyName\05. PrintMyName.csproj", "{07942649-49B4-4092-865D-B2B922658B46}"
EndProject
Project("{FAE04EC0-301F-11D3-BF4B-00C04F79EFBC}") = "06. PrintNumbers", "06. PrintNumbers\06. PrintNumbers.csproj", "{C1052305-04D1-4C1C-9993-511FFADC02DA}"
EndProject
Project("{FAE04EC0-301F-11D3-BF4B-00C04F79EFBC}") = "07. PrintFirstAndLastName", "07. PrintFirstAndLastName\07. PrintFirstAndLastName.csproj", "{C2E65695-ABFD-4DB4-96F5-7DCD4E9B4BB1}"
EndProject
Project("{FAE04EC0-301F-11D3-BF4B-00C04F79EFBC}") = "08. SquareRoot", "08. SquareRoot\08. SquareRoot.csproj", "{017690B2-2EAF-4C88-B517-72D217597E30}"
EndProject
Project("{FAE04EC0-301F-11D3-BF4B-00C04F79EFBC}") = "09. PrintASequence", "09. PrintASequence\09. PrintASequence.csproj", "{C13B9235-9E05-48D5-9F8A-2FE52A2EE4A4}"
EndProject
Project("{FAE04EC0-301F-11D3-BF4B-00C04F79EFBC}") = "10. HorribleCode", "10. HorribleCode\10. HorribleCode.csproj", "{24213AB5-609C-4FC4-B3FC-E22B320CF806}"
EndProject
Project("{FAE04EC0-301F-11D3-BF4B-00C04F79EFBC}") = "11. ProgrammingLanguages", "11.ProgrammingLanguages\11. ProgrammingLanguages.csproj", "{3250C71F-8003-4110-A4D1-36A329B2FED8}"
EndProject
Project("{FAE04EC0-301F-11D3-BF4B-00C04F79EFBC}") = "12. DevelopmentEnvironments", "12.DevelopmentEnvironments\12. DevelopmentEnvironments.csproj", "{F85762A7-B7E0-434F-B7C4-C01F9092FC07}"
EndProject
Project("{FAE04EC0-301F-11D3-BF4B-00C04F79EFBC}") = "13. CSharpAnd.NETDifferences", "13. CSharpAnd.NETDifferences\13. CSharpAnd.NETDifferences.csproj", "{A09E6794-2AE9-4C55-A929-A13FC2C53F6D}"
EndProject
Project("{FAE04EC0-301F-11D3-BF4B-00C04F79EFBC}") = "14. CurrentDateAndTime", "14.CurrentDateAndTime\14. CurrentDateAndTime.csproj", "{CAD5EA0D-54F6-470A-88DF-B77198170968}"
EndProject
Project("{FAE04EC0-301F-11D3-BF4B-00C04F79EFBC}") = "15. AgeAfter10Years", "15.AgeAfter10Years\15. AgeAfter10Years.csproj", "{1505A3ED-10D3-4E4D-BB48-F9A90B0ED775}"
EndProject
Project("{FAE04EC0-301F-11D3-BF4B-00C04F79EFBC}") = "16. PrintLongSequence", "16. PrintLongSequence\16. PrintLongSequence.csproj", "{66EDACAA-9401-4D35-A86D-B9932DF8FA3B}"
EndProject
Global
	GlobalSection(SolutionConfigurationPlatforms) = preSolution
		Debug|Any CPU = Debug|Any CPU
		Release|Any CPU = Release|Any CPU
	EndGlobalSection
	GlobalSection(ProjectConfigurationPlatforms) = postSolution
		{9A7B8C83-52A2-44A8-8410-D86C8E0FCFF7}.Debug|Any CPU.ActiveCfg = Debug|Any CPU
		{9A7B8C83-52A2-44A8-8410-D86C8E0FCFF7}.Debug|Any CPU.Build.0 = Debug|Any CPU
		{9A7B8C83-52A2-44A8-8410-D86C8E0FCFF7}.Release|Any CPU.ActiveCfg = Release|Any CPU
		{9A7B8C83-52A2-44A8-8410-D86C8E0FCFF7}.Release|Any CPU.Build.0 = Release|Any CPU
		{07942649-49B4-4092-865D-B2B922658B46}.Debug|Any CPU.ActiveCfg = Debug|Any CPU
		{07942649-49B4-4092-865D-B2B922658B46}.Debug|Any CPU.Build.0 = Debug|Any CPU
		{07942649-49B4-4092-865D-B2B922658B46}.Release|Any CPU.ActiveCfg = Release|Any CPU
		{07942649-49B4-4092-865D-B2B922658B46}.Release|Any CPU.Build.0 = Release|Any CPU
		{C1052305-04D1-4C1C-9993-511FFADC02DA}.Debug|Any CPU.ActiveCfg = Debug|Any CPU
		{C1052305-04D1-4C1C-9993-511FFADC02DA}.Debug|Any CPU.Build.0 = Debug|Any CPU
		{C1052305-04D1-4C1C-9993-511FFADC02DA}.Release|Any CPU.ActiveCfg = Release|Any CPU
		{C1052305-04D1-4C1C-9993-511FFADC02DA}.Release|Any CPU.Build.0 = Release|Any CPU
		{C2E65695-ABFD-4DB4-96F5-7DCD4E9B4BB1}.Debug|Any CPU.ActiveCfg = Debug|Any CPU
		{C2E65695-ABFD-4DB4-96F5-7DCD4E9B4BB1}.Debug|Any CPU.Build.0 = Debug|Any CPU
		{C2E65695-ABFD-4DB4-96F5-7DCD4E9B4BB1}.Release|Any CPU.ActiveCfg = Release|Any CPU
		{C2E65695-ABFD-4DB4-96F5-7DCD4E9B4BB1}.Release|Any CPU.Build.0 = Release|Any CPU
		{017690B2-2EAF-4C88-B517-72D217597E30}.Debug|Any CPU.ActiveCfg = Debug|Any CPU
		{017690B2-2EAF-4C88-B517-72D217597E30}.Debug|Any CPU.Build.0 = Debug|Any CPU
		{017690B2-2EAF-4C88-B517-72D217597E30}.Release|Any CPU.ActiveCfg = Release|Any CPU
		{017690B2-2EAF-4C88-B517-72D217597E30}.Release|Any CPU.Build.0 = Release|Any CPU
		{C13B9235-9E05-48D5-9F8A-2FE52A2EE4A4}.Debug|Any CPU.ActiveCfg = Debug|Any CPU
		{C13B9235-9E05-48D5-9F8A-2FE52A2EE4A4}.Debug|Any CPU.Build.0 = Debug|Any CPU
		{C13B9235-9E05-48D5-9F8A-2FE52A2EE4A4}.Release|Any CPU.ActiveCfg = Release|Any CPU
		{C13B9235-9E05-48D5-9F8A-2FE52A2EE4A4}.Release|Any CPU.Build.0 = Release|Any CPU
		{24213AB5-609C-4FC4-B3FC-E22B320CF806}.Debug|Any CPU.ActiveCfg = Debug|Any CPU
		{24213AB5-609C-4FC4-B3FC-E22B320CF806}.Debug|Any CPU.Build.0 = Debug|Any CPU
		{24213AB5-609C-4FC4-B3FC-E22B320CF806}.Release|Any CPU.ActiveCfg = Release|Any CPU
		{24213AB5-609C-4FC4-B3FC-E22B320CF806}.Release|Any CPU.Build.0 = Release|Any CPU
		{3250C71F-8003-4110-A4D1-36A329B2FED8}.Debug|Any CPU.ActiveCfg = Debug|Any CPU
		{3250C71F-8003-4110-A4D1-36A329B2FED8}.Debug|Any CPU.Build.0 = Debug|Any CPU
		{3250C71F-8003-4110-A4D1-36A329B2FED8}.Release|Any CPU.ActiveCfg = Release|Any CPU
		{3250C71F-8003-4110-A4D1-36A329B2FED8}.Release|Any CPU.Build.0 = Release|Any CPU
		{F85762A7-B7E0-434F-B7C4-C01F9092FC07}.Debug|Any CPU.ActiveCfg = Debug|Any CPU
		{F85762A7-B7E0-434F-B7C4-C01F9092FC07}.Debug|Any CPU.Build.0 = Debug|Any CPU
		{F85762A7-B7E0-434F-B7C4-C01F9092FC07}.Release|Any CPU.ActiveCfg = Release|Any CPU
		{F85762A7-B7E0-434F-B7C4-C01F9092FC07}.Release|Any CPU.Build.0 = Release|Any CPU
		{A09E6794-2AE9-4C55-A929-A13FC2C53F6D}.Debug|Any CPU.ActiveCfg = Debug|Any CPU
		{A09E6794-2AE9-4C55-A929-A13FC2C53F6D}.Debug|Any CPU.Build.0 = Debug|Any CPU
		{A09E6794-2AE9-4C55-A929-A13FC2C53F6D}.Release|Any CPU.ActiveCfg = Release|Any CPU
		{A09E6794-2AE9-4C55-A929-A13FC2C53F6D}.Release|Any CPU.Build.0 = Release|Any CPU
		{CAD5EA0D-54F6-470A-88DF-B77198170968}.Debug|Any CPU.ActiveCfg = Debug|Any CPU
		{CAD5EA0D-54F6-470A-88DF-B77198170968}.Debug|Any CPU.Build.0 = Debug|Any CPU
		{CAD5EA0D-54F6-470A-88DF-B77198170968}.Release|Any CPU.ActiveCfg = Release|Any CPU
		{CAD5EA0D-54F6-470A-88DF-B77198170968}.Release|Any CPU.Build.0 = Release|Any CPU
		{1505A3ED-10D3-4E4D-BB48-F9A90B0ED775}.Debug|Any CPU.ActiveCfg = Debug|Any CPU
		{1505A3ED-10D3-4E4D-BB48-F9A90B0ED775}.Debug|Any CPU.Build.0 = Debug|Any CPU
		{1505A3ED-10D3-4E4D-BB48-F9A90B0ED775}.Release|Any CPU.ActiveCfg = Release|Any CPU
		{1505A3ED-10D3-4E4D-BB48-F9A90B0ED775}.Release|Any CPU.Build.0 = Release|Any CPU
		{66EDACAA-9401-4D35-A86D-B9932DF8FA3B}.Debug|Any CPU.ActiveCfg = Debug|Any CPU
		{66EDACAA-9401-4D35-A86D-B9932DF8FA3B}.Debug|Any CPU.Build.0 = Debug|Any CPU
		{66EDACAA-9401-4D35-A86D-B9932DF8FA3B}.Release|Any CPU.ActiveCfg = Release|Any CPU
		{66EDACAA-9401-4D35-A86D-B9932DF8FA3B}.Release|Any CPU.Build.0 = Release|Any CPU
	EndGlobalSection
	GlobalSection(SolutionProperties) = preSolution
		HideSolutionNode = FALSE
	EndGlobalSection
EndGlobal
